
Microsoft Visual Studio Solution File, Format Version 12.00
# Visual Studio 14
VisualStudioVersion = 14.0.25420.1
MinimumVisualStudioVersion = 10.0.40219.1
Project("{FAE04EC0-301F-11D3-BF4B-00C04F79EFBC}") = "cSharp", "cSharp\cSharp.csproj", "{630AF68A-149B-4148-824B-87B4E112008B}"
EndProject
Project("{FAE04EC0-301F-11D3-BF4B-00C04F79EFBC}") = "CsharpLibrary", "CsharpLibrary\CsharpLibrary.csproj", "{40604DDB-645C-4B15-AD8E-B7DA564A4D82}"
EndProject
Global
	GlobalSection(SolutionConfigurationPlatforms) = preSolution
		Debug|Any CPU = Debug|Any CPU
		Release|Any CPU = Release|Any CPU
	EndGlobalSection
	GlobalSection(ProjectConfigurationPlatforms) = postSolution
		{630AF68A-149B-4148-824B-87B4E112008B}.Debug|Any CPU.ActiveCfg = Debug|Any CPU
		{630AF68A-149B-4148-824B-87B4E112008B}.Debug|Any CPU.Build.0 = Debug|Any CPU
		{630AF68A-149B-4148-824B-87B4E112008B}.Release|Any CPU.ActiveCfg = Release|Any CPU
		{630AF68A-149B-4148-824B-87B4E112008B}.Release|Any CPU.Build.0 = Release|Any CPU
		{40604DDB-645C-4B15-AD8E-B7DA564A4D82}.Debug|Any CPU.ActiveCfg = Debug|Any CPU
		{40604DDB-645C-4B15-AD8E-B7DA564A4D82}.Debug|Any CPU.Build.0 = Debug|Any CPU
		{40604DDB-645C-4B15-AD8E-B7DA564A4D82}.Release|Any CPU.ActiveCfg = Release|Any CPU
		{40604DDB-645C-4B15-AD8E-B7DA564A4D82}.Release|Any CPU.Build.0 = Release|Any CPU
	EndGlobalSection
	GlobalSection(SolutionProperties) = preSolution
		HideSolutionNode = FALSE
	EndGlobalSection
EndGlobal
